
Microsoft Visual Studio Solution File, Format Version 12.00
# Visual Studio Version 17
VisualStudioVersion = 17.0.31606.5
MinimumVisualStudioVersion = 10.0.40219.1
Project("{9A19103F-16F7-4668-BE54-9A1E7A4F7556}") = "SourceGeneratorV2", "SourceGeneratorV2\SourceGeneratorV2.csproj", "{FFC86C8D-212B-44FF-BD9E-F4C8BD3AC330}"
EndProject
Project("{9A19103F-16F7-4668-BE54-9A1E7A4F7556}") = "SourceGeneratorV2.UnitTests", "SourceGeneratorV2.UnitTests\SourceGeneratorV2.UnitTests.csproj", "{9B1440EF-4204-47D3-BD42-00706636BAA8}"
EndProject
Project("{9A19103F-16F7-4668-BE54-9A1E7A4F7556}") = "SourceGeneratorV2.IntegrationTests", "SourceGeneratorV2.IntegrationTests\SourceGeneratorV2.IntegrationTests.csproj", "{4D93CDAB-65A7-4EB9-A4AE-0E4D05F378BA}"
EndProject
Project("{9A19103F-16F7-4668-BE54-9A1E7A4F7556}") = "SourceGeneratorV2.TestConsole", "SourceGeneratorV2.TestConsole\SourceGeneratorV2.TestConsole.csproj", "{F821A3D2-382D-4AA9-984B-C56F59B27040}"
EndProject
Project("{2150E333-8FDC-42A3-9474-1A3956D46DE8}") = "Solution Items", "Solution Items", "{03FDE650-CC33-4516-8167-3941EE66A708}"
	ProjectSection(SolutionItems) = preProject
		.editorconfig = .editorconfig
	EndProjectSection
EndProject
Global
	GlobalSection(SolutionConfigurationPlatforms) = preSolution
		Debug|Any CPU = Debug|Any CPU
		Debug|x86 = Debug|x86
		Release|Any CPU = Release|Any CPU
		Release|x86 = Release|x86
	EndGlobalSection
	GlobalSection(ProjectConfigurationPlatforms) = postSolution
		{FFC86C8D-212B-44FF-BD9E-F4C8BD3AC330}.Debug|Any CPU.ActiveCfg = Debug|Any CPU
		{FFC86C8D-212B-44FF-BD9E-F4C8BD3AC330}.Debug|Any CPU.Build.0 = Debug|Any CPU
		{FFC86C8D-212B-44FF-BD9E-F4C8BD3AC330}.Debug|x86.ActiveCfg = Debug|Any CPU
		{FFC86C8D-212B-44FF-BD9E-F4C8BD3AC330}.Debug|x86.Build.0 = Debug|Any CPU
		{FFC86C8D-212B-44FF-BD9E-F4C8BD3AC330}.Release|Any CPU.ActiveCfg = Release|Any CPU
		{FFC86C8D-212B-44FF-BD9E-F4C8BD3AC330}.Release|Any CPU.Build.0 = Release|Any CPU
		{FFC86C8D-212B-44FF-BD9E-F4C8BD3AC330}.Release|x86.ActiveCfg = Release|Any CPU
		{FFC86C8D-212B-44FF-BD9E-F4C8BD3AC330}.Release|x86.Build.0 = Release|Any CPU
		{9B1440EF-4204-47D3-BD42-00706636BAA8}.Debug|Any CPU.ActiveCfg = Debug|Any CPU
		{9B1440EF-4204-47D3-BD42-00706636BAA8}.Debug|Any CPU.Build.0 = Debug|Any CPU
		{9B1440EF-4204-47D3-BD42-00706636BAA8}.Debug|x86.ActiveCfg = Debug|Any CPU
		{9B1440EF-4204-47D3-BD42-00706636BAA8}.Debug|x86.Build.0 = Debug|Any CPU
		{9B1440EF-4204-47D3-BD42-00706636BAA8}.Release|Any CPU.ActiveCfg = Release|Any CPU
		{9B1440EF-4204-47D3-BD42-00706636BAA8}.Release|Any CPU.Build.0 = Release|Any CPU
		{9B1440EF-4204-47D3-BD42-00706636BAA8}.Release|x86.ActiveCfg = Release|Any CPU
		{9B1440EF-4204-47D3-BD42-00706636BAA8}.Release|x86.Build.0 = Release|Any CPU
		{4D93CDAB-65A7-4EB9-A4AE-0E4D05F378BA}.Debug|Any CPU.ActiveCfg = Debug|Any CPU
		{4D93CDAB-65A7-4EB9-A4AE-0E4D05F378BA}.Debug|Any CPU.Build.0 = Debug|Any CPU
		{4D93CDAB-65A7-4EB9-A4AE-0E4D05F378BA}.Debug|x86.ActiveCfg = Debug|Any CPU
		{4D93CDAB-65A7-4EB9-A4AE-0E4D05F378BA}.Debug|x86.Build.0 = Debug|Any CPU
		{4D93CDAB-65A7-4EB9-A4AE-0E4D05F378BA}.Release|Any CPU.ActiveCfg = Release|Any CPU
		{4D93CDAB-65A7-4EB9-A4AE-0E4D05F378BA}.Release|Any CPU.Build.0 = Release|Any CPU
		{4D93CDAB-65A7-4EB9-A4AE-0E4D05F378BA}.Release|x86.ActiveCfg = Release|Any CPU
		{4D93CDAB-65A7-4EB9-A4AE-0E4D05F378BA}.Release|x86.Build.0 = Release|Any CPU
		{F821A3D2-382D-4AA9-984B-C56F59B27040}.Debug|Any CPU.ActiveCfg = Debug|Any CPU
		{F821A3D2-382D-4AA9-984B-C56F59B27040}.Debug|Any CPU.Build.0 = Debug|Any CPU
		{F821A3D2-382D-4AA9-984B-C56F59B27040}.Debug|x86.ActiveCfg = Debug|Any CPU
		{F821A3D2-382D-4AA9-984B-C56F59B27040}.Debug|x86.Build.0 = Debug|Any CPU
		{F821A3D2-382D-4AA9-984B-C56F59B27040}.Release|Any CPU.ActiveCfg = Release|Any CPU
		{F821A3D2-382D-4AA9-984B-C56F59B27040}.Release|Any CPU.Build.0 = Release|Any CPU
		{F821A3D2-382D-4AA9-984B-C56F59B27040}.Release|x86.ActiveCfg = Release|Any CPU
		{F821A3D2-382D-4AA9-984B-C56F59B27040}.Release|x86.Build.0 = Release|Any CPU
	EndGlobalSection
	GlobalSection(SolutionProperties) = preSolution
		HideSolutionNode = FALSE
	EndGlobalSection
	GlobalSection(ExtensibilityGlobals) = postSolution
		SolutionGuid = {BCF2DBCE-4C05-4C3E-9D84-79DC7E40D98B}
	EndGlobalSection
EndGlobal
