{
  "version": 1,
  "dependencies": {
    ".NETFramework,Version=v4.6.1": {
      "Microsoft.NETFramework.ReferenceAssemblies": {
        "type": "Direct",
        "requested": "[1.0.2, )",
        "resolved": "1.0.2",
        "contentHash": "5/cSEVld+px/CuRrbohO/djfg6++eR6zGpy88MgqloXvkj//WXWpFZyu/OpkXPN0u5m+dN/EVwLNYFUxD4h2+A==",
        "dependencies": {
          "Microsoft.NETFramework.ReferenceAssemblies.net461": "1.0.2"
        }
      },
      "Microsoft.VSSDK.BuildTools": {
        "type": "Direct",
        "requested": "[17.0.1600, )",
        "resolved": "17.0.1600",
        "contentHash": "036IsSJh5tHzrb4ljBYBPWsJcjHFVS81FzHd4zb48aLOt56KtooYoSxEIUQCUDjS+p7XCooDvWs6qFy41DT3ug==",
        "dependencies": {
          "Microsoft.VisualStudio.SDK.Analyzers": "15.8.33"
        }
      },
      "Microsoft.NETFramework.ReferenceAssemblies.net461": {
        "type": "Transitive",
        "resolved": "1.0.2",
        "contentHash": "8shzGaD5pZi4npuJYCM3de6pl0zlefcbyTIvXIiCdsTqauZ7lAhdaJVtJSqlhYid9VosFAOygBykoJ1SEOlGWA=="
      },
      "Microsoft.VisualStudio.SDK.Analyzers": {
        "type": "Transitive",
        "resolved": "15.8.33",
        "contentHash": "5rP5FqdiHID6AtB7m8LNQKXnjTFCErAtazW8gqY4z27kTp+K6S6ZMzBME7hryOCSo2laogjjL1GWp2bUaJZqRw==",
        "dependencies": {
          "Microsoft.VisualStudio.Threading.Analyzers": "15.8.122"
        }
      },
      "Microsoft.VisualStudio.Threading.Analyzers": {
        "type": "Transitive",
        "resolved": "15.8.122",
        "contentHash": "1gu3LopB8nLiomlMGx6Y8Glb+rwABHpksdpNH1X9/GGp6uJvnHAUZWsFUQz8sAuu1CKcQagJcSOUt4bb4pOFKg=="
      },
      "sourcegeneratorv2": {
        "type": "Project"
      }
    }
  }
}